
Microsoft Visual Studio Solution File, Format Version 12.00
# Visual Studio Version 17
VisualStudioVersion = 17.14.36429.23 d17.14
MinimumVisualStudioVersion = 10.0.40219.1
Project("{FAE04EC0-301F-11D3-BF4B-00C04F79EFBC}") = "ClassLibrary", "..\ClassLibrary\ClassLibrary.csproj", "{FD2ED15D-4230-EAD9-C115-32EF5776BA9B}"
EndProject
Project("{FAE04EC0-301F-11D3-BF4B-00C04F79EFBC}") = "DBP_WinformChat", "DBP_WinformChat.csproj", "{6C54FC60-0A0A-5595-5754-CB1575F14DB9}"
EndProject
Project("{FAE04EC0-301F-11D3-BF4B-00C04F79EFBC}") = "kyg_chatServer", "..\kyg_chatServer\kyg_chatServer.csproj", "{2FEDD574-BE32-7695-01A8-C9C7A7FDF2E1}"
EndProject
Global
	GlobalSection(SolutionConfigurationPlatforms) = preSolution
		Debug|Any CPU = Debug|Any CPU
		Release|Any CPU = Release|Any CPU
	EndGlobalSection
	GlobalSection(ProjectConfigurationPlatforms) = postSolution
		{FD2ED15D-4230-EAD9-C115-32EF5776BA9B}.Debug|Any CPU.ActiveCfg = Debug|Any CPU
		{FD2ED15D-4230-EAD9-C115-32EF5776BA9B}.Debug|Any CPU.Build.0 = Debug|Any CPU
		{FD2ED15D-4230-EAD9-C115-32EF5776BA9B}.Release|Any CPU.ActiveCfg = Release|Any CPU
		{FD2ED15D-4230-EAD9-C115-32EF5776BA9B}.Release|Any CPU.Build.0 = Release|Any CPU
		{6C54FC60-0A0A-5595-5754-CB1575F14DB9}.Debug|Any CPU.ActiveCfg = Debug|Any CPU
		{6C54FC60-0A0A-5595-5754-CB1575F14DB9}.Debug|Any CPU.Build.0 = Debug|Any CPU
		{6C54FC60-0A0A-5595-5754-CB1575F14DB9}.Release|Any CPU.ActiveCfg = Release|Any CPU
		{6C54FC60-0A0A-5595-5754-CB1575F14DB9}.Release|Any CPU.Build.0 = Release|Any CPU
		{2FEDD574-BE32-7695-01A8-C9C7A7FDF2E1}.Debug|Any CPU.ActiveCfg = Debug|Any CPU
		{2FEDD574-BE32-7695-01A8-C9C7A7FDF2E1}.Debug|Any CPU.Build.0 = Debug|Any CPU
		{2FEDD574-BE32-7695-01A8-C9C7A7FDF2E1}.Release|Any CPU.ActiveCfg = Release|Any CPU
		{2FEDD574-BE32-7695-01A8-C9C7A7FDF2E1}.Release|Any CPU.Build.0 = Release|Any CPU
	EndGlobalSection
	GlobalSection(SolutionProperties) = preSolution
		HideSolutionNode = FALSE
	EndGlobalSection
	GlobalSection(ExtensibilityGlobals) = postSolution
		SolutionGuid = {2FCF9CC4-B92C-467A-80F3-A6067C986478}
	EndGlobalSection
EndGlobal
